
Microsoft Visual Studio Solution File, Format Version 12.00
# Visual Studio Version 17
VisualStudioVersion = 17.0.31903.59
MinimumVisualStudioVersion = 10.0.40219.1
Project("{2150E333-8FDC-42A3-9474-1A3956D46DE8}") = "src", "src", "{827E0CD3-B72D-47B6-A68D-7590B98EB39B}"
EndProject
Project("{FAE04EC0-301F-11D3-BF4B-00C04F79EFBC}") = "FuturesTrader.Domain", "src\FuturesTrader.Domain\FuturesTrader.Domain.csproj", "{036863A7-A1DB-4980-A08D-26378D2E1B3F}"
EndProject
Project("{FAE04EC0-301F-11D3-BF4B-00C04F79EFBC}") = "FuturesTrader.Application", "src\FuturesTrader.Application\FuturesTrader.Application.csproj", "{F553B0B8-8691-4DFF-AB02-D2106923C41C}"
EndProject
Project("{FAE04EC0-301F-11D3-BF4B-00C04F79EFBC}") = "FuturesTrader.Infrastructure", "src\FuturesTrader.Infrastructure\FuturesTrader.Infrastructure.csproj", "{AC15B5B7-4C7E-4CD1-8B24-3293E97DC860}"
EndProject
Project("{FAE04EC0-301F-11D3-BF4B-00C04F79EFBC}") = "FuturesTrader.Presentation", "src\FuturesTrader.Presentation\FuturesTrader.Presentation.csproj", "{6BAF93EF-71B5-4C12-B722-015EC378706F}"
EndProject
Project("{FAE04EC0-301F-11D3-BF4B-00C04F79EFBC}") = "FuturesTrader.Host", "src\FuturesTrader.Host\FuturesTrader.Host.csproj", "{AFC641EF-F5CB-4903-AA7B-244A5F2EFD5D}"
EndProject
Project("{FAE04EC0-301F-11D3-BF4B-00C04F79EFBC}") = "FuturesTrader.Mcp", "src\FuturesTrader.Mcp\FuturesTrader.Mcp.csproj", "{C66AEA0F-299C-4FA6-99CE-6EC96D0C54BB}"
EndProject
Project("{2150E333-8FDC-42A3-9474-1A3956D46DE8}") = "tests", "tests", "{0AB3BF05-4346-4AA6-1389-037BE0695223}"
EndProject
Project("{FAE04EC0-301F-11D3-BF4B-00C04F79EFBC}") = "FuturesTrader.Domain.Tests", "tests\FuturesTrader.Domain.Tests\FuturesTrader.Domain.Tests.csproj", "{80CF9E2E-D120-4C94-BDCF-E08E04BC42A2}"
EndProject
Project("{FAE04EC0-301F-11D3-BF4B-00C04F79EFBC}") = "FuturesTrader.Infrastructure.Tests", "tests\FuturesTrader.Infrastructure.Tests\FuturesTrader.Infrastructure.Tests.csproj", "{1BF3FB17-3C27-447D-AD0D-6141CBA3F4ED}"
EndProject
Project("{FAE04EC0-301F-11D3-BF4B-00C04F79EFBC}") = "FuturesTrader.Mcp.Tests", "tests\FuturesTrader.Mcp.Tests\FuturesTrader.Mcp.Tests.csproj", "{19609BB1-D69B-4BD6-A598-1F6F89BCC7CB}"
EndProject
Project("{2150E333-8FDC-42A3-9474-1A3956D46DE8}") = "tools", "tools", "{07C2787E-EAC7-C090-1BA3-A61EC2A24D84}"
EndProject
Project("{FAE04EC0-301F-11D3-BF4B-00C04F79EFBC}") = "ConfigMigrator", "tools\ConfigMigrator\ConfigMigrator.csproj", "{B5084E8D-973D-4A97-A434-C7F21013F04E}"
EndProject
Project("{FAE04EC0-301F-11D3-BF4B-00C04F79EFBC}") = "FuturesTrader.Application.Tests", "tests\FuturesTrader.Application.Tests\FuturesTrader.Application.Tests.csproj", "{16147734-3EED-4CE2-93E9-56AF97B4F695}"
EndProject
Global
	GlobalSection(SolutionConfigurationPlatforms) = preSolution
		Debug|Any CPU = Debug|Any CPU
		Debug|x64 = Debug|x64
		Debug|x86 = Debug|x86
		Release|Any CPU = Release|Any CPU
		Release|x64 = Release|x64
		Release|x86 = Release|x86
	EndGlobalSection
	GlobalSection(ProjectConfigurationPlatforms) = postSolution
		{036863A7-A1DB-4980-A08D-26378D2E1B3F}.Debug|Any CPU.ActiveCfg = Debug|Any CPU
		{036863A7-A1DB-4980-A08D-26378D2E1B3F}.Debug|Any CPU.Build.0 = Debug|Any CPU
		{036863A7-A1DB-4980-A08D-26378D2E1B3F}.Debug|x64.ActiveCfg = Debug|Any CPU
		{036863A7-A1DB-4980-A08D-26378D2E1B3F}.Debug|x64.Build.0 = Debug|Any CPU
		{036863A7-A1DB-4980-A08D-26378D2E1B3F}.Debug|x86.ActiveCfg = Debug|Any CPU
		{036863A7-A1DB-4980-A08D-26378D2E1B3F}.Debug|x86.Build.0 = Debug|Any CPU
		{036863A7-A1DB-4980-A08D-26378D2E1B3F}.Release|Any CPU.ActiveCfg = Release|Any CPU
		{036863A7-A1DB-4980-A08D-26378D2E1B3F}.Release|Any CPU.Build.0 = Release|Any CPU
		{036863A7-A1DB-4980-A08D-26378D2E1B3F}.Release|x64.ActiveCfg = Release|Any CPU
		{036863A7-A1DB-4980-A08D-26378D2E1B3F}.Release|x64.Build.0 = Release|Any CPU
		{036863A7-A1DB-4980-A08D-26378D2E1B3F}.Release|x86.ActiveCfg = Release|Any CPU
		{036863A7-A1DB-4980-A08D-26378D2E1B3F}.Release|x86.Build.0 = Release|Any CPU
		{F553B0B8-8691-4DFF-AB02-D2106923C41C}.Debug|Any CPU.ActiveCfg = Debug|Any CPU
		{F553B0B8-8691-4DFF-AB02-D2106923C41C}.Debug|Any CPU.Build.0 = Debug|Any CPU
		{F553B0B8-8691-4DFF-AB02-D2106923C41C}.Debug|x64.ActiveCfg = Debug|Any CPU
		{F553B0B8-8691-4DFF-AB02-D2106923C41C}.Debug|x64.Build.0 = Debug|Any CPU
		{F553B0B8-8691-4DFF-AB02-D2106923C41C}.Debug|x86.ActiveCfg = Debug|Any CPU
		{F553B0B8-8691-4DFF-AB02-D2106923C41C}.Debug|x86.Build.0 = Debug|Any CPU
		{F553B0B8-8691-4DFF-AB02-D2106923C41C}.Release|Any CPU.ActiveCfg = Release|Any CPU
		{F553B0B8-8691-4DFF-AB02-D2106923C41C}.Release|Any CPU.Build.0 = Release|Any CPU
		{F553B0B8-8691-4DFF-AB02-D2106923C41C}.Release|x64.ActiveCfg = Release|Any CPU
		{F553B0B8-8691-4DFF-AB02-D2106923C41C}.Release|x64.Build.0 = Release|Any CPU
		{F553B0B8-8691-4DFF-AB02-D2106923C41C}.Release|x86.ActiveCfg = Release|Any CPU
		{F553B0B8-8691-4DFF-AB02-D2106923C41C}.Release|x86.Build.0 = Release|Any CPU
		{AC15B5B7-4C7E-4CD1-8B24-3293E97DC860}.Debug|Any CPU.ActiveCfg = Debug|Any CPU
		{AC15B5B7-4C7E-4CD1-8B24-3293E97DC860}.Debug|Any CPU.Build.0 = Debug|Any CPU
		{AC15B5B7-4C7E-4CD1-8B24-3293E97DC860}.Debug|x64.ActiveCfg = Debug|Any CPU
		{AC15B5B7-4C7E-4CD1-8B24-3293E97DC860}.Debug|x64.Build.0 = Debug|Any CPU
		{AC15B5B7-4C7E-4CD1-8B24-3293E97DC860}.Debug|x86.ActiveCfg = Debug|Any CPU
		{AC15B5B7-4C7E-4CD1-8B24-3293E97DC860}.Debug|x86.Build.0 = Debug|Any CPU
		{AC15B5B7-4C7E-4CD1-8B24-3293E97DC860}.Release|Any CPU.ActiveCfg = Release|Any CPU
		{AC15B5B7-4C7E-4CD1-8B24-3293E97DC860}.Release|Any CPU.Build.0 = Release|Any CPU
		{AC15B5B7-4C7E-4CD1-8B24-3293E97DC860}.Release|x64.ActiveCfg = Release|Any CPU
		{AC15B5B7-4C7E-4CD1-8B24-3293E97DC860}.Release|x64.Build.0 = Release|Any CPU
		{AC15B5B7-4C7E-4CD1-8B24-3293E97DC860}.Release|x86.ActiveCfg = Release|Any CPU
		{AC15B5B7-4C7E-4CD1-8B24-3293E97DC860}.Release|x86.Build.0 = Release|Any CPU
		{6BAF93EF-71B5-4C12-B722-015EC378706F}.Debug|Any CPU.ActiveCfg = Debug|Any CPU
		{6BAF93EF-71B5-4C12-B722-015EC378706F}.Debug|Any CPU.Build.0 = Debug|Any CPU
		{6BAF93EF-71B5-4C12-B722-015EC378706F}.Debug|x64.ActiveCfg = Debug|Any CPU
		{6BAF93EF-71B5-4C12-B722-015EC378706F}.Debug|x64.Build.0 = Debug|Any CPU
		{6BAF93EF-71B5-4C12-B722-015EC378706F}.Debug|x86.ActiveCfg = Debug|Any CPU
		{6BAF93EF-71B5-4C12-B722-015EC378706F}.Debug|x86.Build.0 = Debug|Any CPU
		{6BAF93EF-71B5-4C12-B722-015EC378706F}.Release|Any CPU.ActiveCfg = Release|Any CPU
		{6BAF93EF-71B5-4C12-B722-015EC378706F}.Release|Any CPU.Build.0 = Release|Any CPU
		{6BAF93EF-71B5-4C12-B722-015EC378706F}.Release|x64.ActiveCfg = Release|Any CPU
		{6BAF93EF-71B5-4C12-B722-015EC378706F}.Release|x64.Build.0 = Release|Any CPU
		{6BAF93EF-71B5-4C12-B722-015EC378706F}.Release|x86.ActiveCfg = Release|Any CPU
		{6BAF93EF-71B5-4C12-B722-015EC378706F}.Release|x86.Build.0 = Release|Any CPU
		{AFC641EF-F5CB-4903-AA7B-244A5F2EFD5D}.Debug|Any CPU.ActiveCfg = Debug|Any CPU
		{AFC641EF-F5CB-4903-AA7B-244A5F2EFD5D}.Debug|Any CPU.Build.0 = Debug|Any CPU
		{AFC641EF-F5CB-4903-AA7B-244A5F2EFD5D}.Debug|x64.ActiveCfg = Debug|Any CPU
		{AFC641EF-F5CB-4903-AA7B-244A5F2EFD5D}.Debug|x64.Build.0 = Debug|Any CPU
		{AFC641EF-F5CB-4903-AA7B-244A5F2EFD5D}.Debug|x86.ActiveCfg = Debug|Any CPU
		{AFC641EF-F5CB-4903-AA7B-244A5F2EFD5D}.Debug|x86.Build.0 = Debug|Any CPU
		{AFC641EF-F5CB-4903-AA7B-244A5F2EFD5D}.Release|Any CPU.ActiveCfg = Release|Any CPU
		{AFC641EF-F5CB-4903-AA7B-244A5F2EFD5D}.Release|Any CPU.Build.0 = Release|Any CPU
		{AFC641EF-F5CB-4903-AA7B-244A5F2EFD5D}.Release|x64.ActiveCfg = Release|Any CPU
		{AFC641EF-F5CB-4903-AA7B-244A5F2EFD5D}.Release|x64.Build.0 = Release|Any CPU
		{AFC641EF-F5CB-4903-AA7B-244A5F2EFD5D}.Release|x86.ActiveCfg = Release|Any CPU
		{AFC641EF-F5CB-4903-AA7B-244A5F2EFD5D}.Release|x86.Build.0 = Release|Any CPU
		{C66AEA0F-299C-4FA6-99CE-6EC96D0C54BB}.Debug|Any CPU.ActiveCfg = Debug|Any CPU
		{C66AEA0F-299C-4FA6-99CE-6EC96D0C54BB}.Debug|Any CPU.Build.0 = Debug|Any CPU
		{C66AEA0F-299C-4FA6-99CE-6EC96D0C54BB}.Debug|x64.ActiveCfg = Debug|Any CPU
		{C66AEA0F-299C-4FA6-99CE-6EC96D0C54BB}.Debug|x64.Build.0 = Debug|Any CPU
		{C66AEA0F-299C-4FA6-99CE-6EC96D0C54BB}.Debug|x86.ActiveCfg = Debug|Any CPU
		{C66AEA0F-299C-4FA6-99CE-6EC96D0C54BB}.Debug|x86.Build.0 = Debug|Any CPU
		{C66AEA0F-299C-4FA6-99CE-6EC96D0C54BB}.Release|Any CPU.ActiveCfg = Release|Any CPU
		{C66AEA0F-299C-4FA6-99CE-6EC96D0C54BB}.Release|Any CPU.Build.0 = Release|Any CPU
		{C66AEA0F-299C-4FA6-99CE-6EC96D0C54BB}.Release|x64.ActiveCfg = Release|Any CPU
		{C66AEA0F-299C-4FA6-99CE-6EC96D0C54BB}.Release|x64.Build.0 = Release|Any CPU
		{C66AEA0F-299C-4FA6-99CE-6EC96D0C54BB}.Release|x86.ActiveCfg = Release|Any CPU
		{C66AEA0F-299C-4FA6-99CE-6EC96D0C54BB}.Release|x86.Build.0 = Release|Any CPU
		{80CF9E2E-D120-4C94-BDCF-E08E04BC42A2}.Debug|Any CPU.ActiveCfg = Debug|Any CPU
		{80CF9E2E-D120-4C94-BDCF-E08E04BC42A2}.Debug|Any CPU.Build.0 = Debug|Any CPU
		{80CF9E2E-D120-4C94-BDCF-E08E04BC42A2}.Debug|x64.ActiveCfg = Debug|Any CPU
		{80CF9E2E-D120-4C94-BDCF-E08E04BC42A2}.Debug|x64.Build.0 = Debug|Any CPU
		{80CF9E2E-D120-4C94-BDCF-E08E04BC42A2}.Debug|x86.ActiveCfg = Debug|Any CPU
		{80CF9E2E-D120-4C94-BDCF-E08E04BC42A2}.Debug|x86.Build.0 = Debug|Any CPU
		{80CF9E2E-D120-4C94-BDCF-E08E04BC42A2}.Release|Any CPU.ActiveCfg = Release|Any CPU
		{80CF9E2E-D120-4C94-BDCF-E08E04BC42A2}.Release|Any CPU.Build.0 = Release|Any CPU
		{80CF9E2E-D120-4C94-BDCF-E08E04BC42A2}.Release|x64.ActiveCfg = Release|Any CPU
		{80CF9E2E-D120-4C94-BDCF-E08E04BC42A2}.Release|x64.Build.0 = Release|Any CPU
		{80CF9E2E-D120-4C94-BDCF-E08E04BC42A2}.Release|x86.ActiveCfg = Release|Any CPU
		{80CF9E2E-D120-4C94-BDCF-E08E04BC42A2}.Release|x86.Build.0 = Release|Any CPU
		{1BF3FB17-3C27-447D-AD0D-6141CBA3F4ED}.Debug|Any CPU.ActiveCfg = Debug|Any CPU
		{1BF3FB17-3C27-447D-AD0D-6141CBA3F4ED}.Debug|Any CPU.Build.0 = Debug|Any CPU
		{1BF3FB17-3C27-447D-AD0D-6141CBA3F4ED}.Debug|x64.ActiveCfg = Debug|Any CPU
		{1BF3FB17-3C27-447D-AD0D-6141CBA3F4ED}.Debug|x64.Build.0 = Debug|Any CPU
		{1BF3FB17-3C27-447D-AD0D-6141CBA3F4ED}.Debug|x86.ActiveCfg = Debug|Any CPU
		{1BF3FB17-3C27-447D-AD0D-6141CBA3F4ED}.Debug|x86.Build.0 = Debug|Any CPU
		{1BF3FB17-3C27-447D-AD0D-6141CBA3F4ED}.Release|Any CPU.ActiveCfg = Release|Any CPU
		{1BF3FB17-3C27-447D-AD0D-6141CBA3F4ED}.Release|Any CPU.Build.0 = Release|Any CPU
		{1BF3FB17-3C27-447D-AD0D-6141CBA3F4ED}.Release|x64.ActiveCfg = Release|Any CPU
		{1BF3FB17-3C27-447D-AD0D-6141CBA3F4ED}.Release|x64.Build.0 = Release|Any CPU
		{1BF3FB17-3C27-447D-AD0D-6141CBA3F4ED}.Release|x86.ActiveCfg = Release|Any CPU
		{1BF3FB17-3C27-447D-AD0D-6141CBA3F4ED}.Release|x86.Build.0 = Release|Any CPU
		{19609BB1-D69B-4BD6-A598-1F6F89BCC7CB}.Debug|Any CPU.ActiveCfg = Debug|Any CPU
		{19609BB1-D69B-4BD6-A598-1F6F89BCC7CB}.Debug|Any CPU.Build.0 = Debug|Any CPU
		{19609BB1-D69B-4BD6-A598-1F6F89BCC7CB}.Debug|x64.ActiveCfg = Debug|Any CPU
		{19609BB1-D69B-4BD6-A598-1F6F89BCC7CB}.Debug|x64.Build.0 = Debug|Any CPU
		{19609BB1-D69B-4BD6-A598-1F6F89BCC7CB}.Debug|x86.ActiveCfg = Debug|Any CPU
		{19609BB1-D69B-4BD6-A598-1F6F89BCC7CB}.Debug|x86.Build.0 = Debug|Any CPU
		{19609BB1-D69B-4BD6-A598-1F6F89BCC7CB}.Release|Any CPU.ActiveCfg = Release|Any CPU
		{19609BB1-D69B-4BD6-A598-1F6F89BCC7CB}.Release|Any CPU.Build.0 = Release|Any CPU
		{19609BB1-D69B-4BD6-A598-1F6F89BCC7CB}.Release|x64.ActiveCfg = Release|Any CPU
		{19609BB1-D69B-4BD6-A598-1F6F89BCC7CB}.Release|x64.Build.0 = Release|Any CPU
		{19609BB1-D69B-4BD6-A598-1F6F89BCC7CB}.Release|x86.ActiveCfg = Release|Any CPU
		{19609BB1-D69B-4BD6-A598-1F6F89BCC7CB}.Release|x86.Build.0 = Release|Any CPU
		{B5084E8D-973D-4A97-A434-C7F21013F04E}.Debug|Any CPU.ActiveCfg = Debug|Any CPU
		{B5084E8D-973D-4A97-A434-C7F21013F04E}.Debug|Any CPU.Build.0 = Debug|Any CPU
		{B5084E8D-973D-4A97-A434-C7F21013F04E}.Debug|x64.ActiveCfg = Debug|Any CPU
		{B5084E8D-973D-4A97-A434-C7F21013F04E}.Debug|x64.Build.0 = Debug|Any CPU
		{B5084E8D-973D-4A97-A434-C7F21013F04E}.Debug|x86.ActiveCfg = Debug|Any CPU
		{B5084E8D-973D-4A97-A434-C7F21013F04E}.Debug|x86.Build.0 = Debug|Any CPU
		{B5084E8D-973D-4A97-A434-C7F21013F04E}.Release|Any CPU.ActiveCfg = Release|Any CPU
		{B5084E8D-973D-4A97-A434-C7F21013F04E}.Release|Any CPU.Build.0 = Release|Any CPU
		{B5084E8D-973D-4A97-A434-C7F21013F04E}.Release|x64.ActiveCfg = Release|Any CPU
		{B5084E8D-973D-4A97-A434-C7F21013F04E}.Release|x64.Build.0 = Release|Any CPU
		{B5084E8D-973D-4A97-A434-C7F21013F04E}.Release|x86.ActiveCfg = Release|Any CPU
		{B5084E8D-973D-4A97-A434-C7F21013F04E}.Release|x86.Build.0 = Release|Any CPU
		{16147734-3EED-4CE2-93E9-56AF97B4F695}.Debug|Any CPU.ActiveCfg = Debug|Any CPU
		{16147734-3EED-4CE2-93E9-56AF97B4F695}.Debug|Any CPU.Build.0 = Debug|Any CPU
		{16147734-3EED-4CE2-93E9-56AF97B4F695}.Debug|x64.ActiveCfg = Debug|Any CPU
		{16147734-3EED-4CE2-93E9-56AF97B4F695}.Debug|x64.Build.0 = Debug|Any CPU
		{16147734-3EED-4CE2-93E9-56AF97B4F695}.Debug|x86.ActiveCfg = Debug|Any CPU
		{16147734-3EED-4CE2-93E9-56AF97B4F695}.Debug|x86.Build.0 = Debug|Any CPU
		{16147734-3EED-4CE2-93E9-56AF97B4F695}.Release|Any CPU.ActiveCfg = Release|Any CPU
		{16147734-3EED-4CE2-93E9-56AF97B4F695}.Release|Any CPU.Build.0 = Release|Any CPU
		{16147734-3EED-4CE2-93E9-56AF97B4F695}.Release|x64.ActiveCfg = Release|Any CPU
		{16147734-3EED-4CE2-93E9-56AF97B4F695}.Release|x64.Build.0 = Release|Any CPU
		{16147734-3EED-4CE2-93E9-56AF97B4F695}.Release|x86.ActiveCfg = Release|Any CPU
		{16147734-3EED-4CE2-93E9-56AF97B4F695}.Release|x86.Build.0 = Release|Any CPU
	EndGlobalSection
	GlobalSection(SolutionProperties) = preSolution
		HideSolutionNode = FALSE
	EndGlobalSection
	GlobalSection(NestedProjects) = preSolution
		{036863A7-A1DB-4980-A08D-26378D2E1B3F} = {827E0CD3-B72D-47B6-A68D-7590B98EB39B}
		{F553B0B8-8691-4DFF-AB02-D2106923C41C} = {827E0CD3-B72D-47B6-A68D-7590B98EB39B}
		{AC15B5B7-4C7E-4CD1-8B24-3293E97DC860} = {827E0CD3-B72D-47B6-A68D-7590B98EB39B}
		{6BAF93EF-71B5-4C12-B722-015EC378706F} = {827E0CD3-B72D-47B6-A68D-7590B98EB39B}
		{AFC641EF-F5CB-4903-AA7B-244A5F2EFD5D} = {827E0CD3-B72D-47B6-A68D-7590B98EB39B}
		{C66AEA0F-299C-4FA6-99CE-6EC96D0C54BB} = {827E0CD3-B72D-47B6-A68D-7590B98EB39B}
		{80CF9E2E-D120-4C94-BDCF-E08E04BC42A2} = {0AB3BF05-4346-4AA6-1389-037BE0695223}
		{1BF3FB17-3C27-447D-AD0D-6141CBA3F4ED} = {0AB3BF05-4346-4AA6-1389-037BE0695223}
		{19609BB1-D69B-4BD6-A598-1F6F89BCC7CB} = {0AB3BF05-4346-4AA6-1389-037BE0695223}
		{B5084E8D-973D-4A97-A434-C7F21013F04E} = {07C2787E-EAC7-C090-1BA3-A61EC2A24D84}
		{16147734-3EED-4CE2-93E9-56AF97B4F695} = {0AB3BF05-4346-4AA6-1389-037BE0695223}
	EndGlobalSection
EndGlobal
